
Microsoft Visual Studio Solution File, Format Version 12.00
# Visual Studio Version 16
VisualStudioVersion = 16.0.29215.179
MinimumVisualStudioVersion = 10.0.40219.1
Project("{FAE04EC0-301F-11D3-BF4B-00C04F79EFBC}") = "LifeMate.UWP", "LifeMate\LifeMate.UWP\LifeMate.UWP.csproj", "{5FED3B54-B745-4D16-A789-4B5BF1D1F896}"
EndProject
Project("{FAE04EC0-301F-11D3-BF4B-00C04F79EFBC}") = "LifeMate.Android", "LifeMate\LifeMate.Android\LifeMate.Android.csproj", "{3DD66677-025B-45BB-BEF9-02DE77A8DF78}"
EndProject
Project("{FAE04EC0-301F-11D3-BF4B-00C04F79EFBC}") = "LifeMate.iOS", "LifeMate\LifeMate.iOS\LifeMate.iOS.csproj", "{7496ACDB-96A8-4CEF-811D-3860BF89515C}"
EndProject
Project("{FAE04EC0-301F-11D3-BF4B-00C04F79EFBC}") = "LifeMate.MobileAppService", "LifeMate\LifeMate.MobileAppService\LifeMate.MobileAppService.csproj", "{364D4882-ACE8-4FAC-82C2-196106B13EAF}"
EndProject
Project("{FAE04EC0-301F-11D3-BF4B-00C04F79EFBC}") = "LifeMate", "LifeMate\LifeMate\LifeMate.csproj", "{34956BAB-D3B8-46E3-8C3A-8FE520FFDC61}"
EndProject
Global
	GlobalSection(SolutionConfigurationPlatforms) = preSolution
		Debug|Any CPU = Debug|Any CPU
		Debug|ARM = Debug|ARM
		Debug|iPhone = Debug|iPhone
		Debug|iPhoneSimulator = Debug|iPhoneSimulator
		Debug|x64 = Debug|x64
		Debug|x86 = Debug|x86
		Release|Any CPU = Release|Any CPU
		Release|ARM = Release|ARM
		Release|iPhone = Release|iPhone
		Release|iPhoneSimulator = Release|iPhoneSimulator
		Release|x64 = Release|x64
		Release|x86 = Release|x86
	EndGlobalSection
	GlobalSection(ProjectConfigurationPlatforms) = postSolution
		{5FED3B54-B745-4D16-A789-4B5BF1D1F896}.Debug|Any CPU.ActiveCfg = Debug|x86
		{5FED3B54-B745-4D16-A789-4B5BF1D1F896}.Debug|Any CPU.Build.0 = Debug|x86
		{5FED3B54-B745-4D16-A789-4B5BF1D1F896}.Debug|Any CPU.Deploy.0 = Debug|x86
		{5FED3B54-B745-4D16-A789-4B5BF1D1F896}.Debug|ARM.ActiveCfg = Debug|ARM
		{5FED3B54-B745-4D16-A789-4B5BF1D1F896}.Debug|ARM.Build.0 = Debug|ARM
		{5FED3B54-B745-4D16-A789-4B5BF1D1F896}.Debug|ARM.Deploy.0 = Debug|ARM
		{5FED3B54-B745-4D16-A789-4B5BF1D1F896}.Debug|iPhone.ActiveCfg = Debug|x86
		{5FED3B54-B745-4D16-A789-4B5BF1D1F896}.Debug|iPhone.Build.0 = Debug|x86
		{5FED3B54-B745-4D16-A789-4B5BF1D1F896}.Debug|iPhone.Deploy.0 = Debug|x86
		{5FED3B54-B745-4D16-A789-4B5BF1D1F896}.Debug|iPhoneSimulator.ActiveCfg = Debug|x86
		{5FED3B54-B745-4D16-A789-4B5BF1D1F896}.Debug|iPhoneSimulator.Build.0 = Debug|x86
		{5FED3B54-B745-4D16-A789-4B5BF1D1F896}.Debug|iPhoneSimulator.Deploy.0 = Debug|x86
		{5FED3B54-B745-4D16-A789-4B5BF1D1F896}.Debug|x64.ActiveCfg = Debug|x64
		{5FED3B54-B745-4D16-A789-4B5BF1D1F896}.Debug|x64.Build.0 = Debug|x64
		{5FED3B54-B745-4D16-A789-4B5BF1D1F896}.Debug|x64.Deploy.0 = Debug|x64
		{5FED3B54-B745-4D16-A789-4B5BF1D1F896}.Debug|x86.ActiveCfg = Debug|x86
		{5FED3B54-B745-4D16-A789-4B5BF1D1F896}.Debug|x86.Build.0 = Debug|x86
		{5FED3B54-B745-4D16-A789-4B5BF1D1F896}.Debug|x86.Deploy.0 = Debug|x86
		{5FED3B54-B745-4D16-A789-4B5BF1D1F896}.Release|Any CPU.ActiveCfg = Release|x86
		{5FED3B54-B745-4D16-A789-4B5BF1D1F896}.Release|Any CPU.Build.0 = Release|x86
		{5FED3B54-B745-4D16-A789-4B5BF1D1F896}.Release|Any CPU.Deploy.0 = Release|x86
		{5FED3B54-B745-4D16-A789-4B5BF1D1F896}.Release|ARM.ActiveCfg = Release|ARM
		{5FED3B54-B745-4D16-A789-4B5BF1D1F896}.Release|ARM.Build.0 = Release|ARM
		{5FED3B54-B745-4D16-A789-4B5BF1D1F896}.Release|ARM.Deploy.0 = Release|ARM
		{5FED3B54-B745-4D16-A789-4B5BF1D1F896}.Release|iPhone.ActiveCfg = Release|x86
		{5FED3B54-B745-4D16-A789-4B5BF1D1F896}.Release|iPhone.Build.0 = Release|x86
		{5FED3B54-B745-4D16-A789-4B5BF1D1F896}.Release|iPhone.Deploy.0 = Release|x86
		{5FED3B54-B745-4D16-A789-4B5BF1D1F896}.Release|iPhoneSimulator.ActiveCfg = Release|x86
		{5FED3B54-B745-4D16-A789-4B5BF1D1F896}.Release|iPhoneSimulator.Build.0 = Release|x86
		{5FED3B54-B745-4D16-A789-4B5BF1D1F896}.Release|iPhoneSimulator.Deploy.0 = Release|x86
		{5FED3B54-B745-4D16-A789-4B5BF1D1F896}.Release|x64.ActiveCfg = Release|x64
		{5FED3B54-B745-4D16-A789-4B5BF1D1F896}.Release|x64.Build.0 = Release|x64
		{5FED3B54-B745-4D16-A789-4B5BF1D1F896}.Release|x64.Deploy.0 = Release|x64
		{5FED3B54-B745-4D16-A789-4B5BF1D1F896}.Release|x86.ActiveCfg = Release|x86
		{5FED3B54-B745-4D16-A789-4B5BF1D1F896}.Release|x86.Build.0 = Release|x86
		{5FED3B54-B745-4D16-A789-4B5BF1D1F896}.Release|x86.Deploy.0 = Release|x86
		{3DD66677-025B-45BB-BEF9-02DE77A8DF78}.Debug|Any CPU.ActiveCfg = Debug|Any CPU
		{3DD66677-025B-45BB-BEF9-02DE77A8DF78}.Debug|Any CPU.Build.0 = Debug|Any CPU
		{3DD66677-025B-45BB-BEF9-02DE77A8DF78}.Debug|Any CPU.Deploy.0 = Debug|Any CPU
		{3DD66677-025B-45BB-BEF9-02DE77A8DF78}.Debug|ARM.ActiveCfg = Debug|Any CPU
		{3DD66677-025B-45BB-BEF9-02DE77A8DF78}.Debug|ARM.Build.0 = Debug|Any CPU
		{3DD66677-025B-45BB-BEF9-02DE77A8DF78}.Debug|ARM.Deploy.0 = Debug|Any CPU
		{3DD66677-025B-45BB-BEF9-02DE77A8DF78}.Debug|iPhone.ActiveCfg = Debug|Any CPU
		{3DD66677-025B-45BB-BEF9-02DE77A8DF78}.Debug|iPhone.Build.0 = Debug|Any CPU
		{3DD66677-025B-45BB-BEF9-02DE77A8DF78}.Debug|iPhone.Deploy.0 = Debug|Any CPU
		{3DD66677-025B-45BB-BEF9-02DE77A8DF78}.Debug|iPhoneSimulator.ActiveCfg = Debug|Any CPU
		{3DD66677-025B-45BB-BEF9-02DE77A8DF78}.Debug|iPhoneSimulator.Build.0 = Debug|Any CPU
		{3DD66677-025B-45BB-BEF9-02DE77A8DF78}.Debug|iPhoneSimulator.Deploy.0 = Debug|Any CPU
		{3DD66677-025B-45BB-BEF9-02DE77A8DF78}.Debug|x64.ActiveCfg = Debug|Any CPU
		{3DD66677-025B-45BB-BEF9-02DE77A8DF78}.Debug|x64.Build.0 = Debug|Any CPU
		{3DD66677-025B-45BB-BEF9-02DE77A8DF78}.Debug|x64.Deploy.0 = Debug|Any CPU
		{3DD66677-025B-45BB-BEF9-02DE77A8DF78}.Debug|x86.ActiveCfg = Debug|Any CPU
		{3DD66677-025B-45BB-BEF9-02DE77A8DF78}.Debug|x86.Build.0 = Debug|Any CPU
		{3DD66677-025B-45BB-BEF9-02DE77A8DF78}.Debug|x86.Deploy.0 = Debug|Any CPU
		{3DD66677-025B-45BB-BEF9-02DE77A8DF78}.Release|Any CPU.ActiveCfg = Release|Any CPU
		{3DD66677-025B-45BB-BEF9-02DE77A8DF78}.Release|Any CPU.Build.0 = Release|Any CPU
		{3DD66677-025B-45BB-BEF9-02DE77A8DF78}.Release|Any CPU.Deploy.0 = Release|Any CPU
		{3DD66677-025B-45BB-BEF9-02DE77A8DF78}.Release|ARM.ActiveCfg = Release|Any CPU
		{3DD66677-025B-45BB-BEF9-02DE77A8DF78}.Release|ARM.Build.0 = Release|Any CPU
		{3DD66677-025B-45BB-BEF9-02DE77A8DF78}.Release|ARM.Deploy.0 = Release|Any CPU
		{3DD66677-025B-45BB-BEF9-02DE77A8DF78}.Release|iPhone.ActiveCfg = Release|Any CPU
		{3DD66677-025B-45BB-BEF9-02DE77A8DF78}.Release|iPhone.Build.0 = Release|Any CPU
		{3DD66677-025B-45BB-BEF9-02DE77A8DF78}.Release|iPhone.Deploy.0 = Release|Any CPU
		{3DD66677-025B-45BB-BEF9-02DE77A8DF78}.Release|iPhoneSimulator.ActiveCfg = Release|Any CPU
		{3DD66677-025B-45BB-BEF9-02DE77A8DF78}.Release|iPhoneSimulator.Build.0 = Release|Any CPU
		{3DD66677-025B-45BB-BEF9-02DE77A8DF78}.Release|iPhoneSimulator.Deploy.0 = Release|Any CPU
		{3DD66677-025B-45BB-BEF9-02DE77A8DF78}.Release|x64.ActiveCfg = Release|Any CPU
		{3DD66677-025B-45BB-BEF9-02DE77A8DF78}.Release|x64.Build.0 = Release|Any CPU
		{3DD66677-025B-45BB-BEF9-02DE77A8DF78}.Release|x64.Deploy.0 = Release|Any CPU
		{3DD66677-025B-45BB-BEF9-02DE77A8DF78}.Release|x86.ActiveCfg = Release|Any CPU
		{3DD66677-025B-45BB-BEF9-02DE77A8DF78}.Release|x86.Build.0 = Release|Any CPU
		{3DD66677-025B-45BB-BEF9-02DE77A8DF78}.Release|x86.Deploy.0 = Release|Any CPU
		{7496ACDB-96A8-4CEF-811D-3860BF89515C}.Debug|Any CPU.ActiveCfg = Debug|iPhone
		{7496ACDB-96A8-4CEF-811D-3860BF89515C}.Debug|Any CPU.Build.0 = Debug|iPhone
		{7496ACDB-96A8-4CEF-811D-3860BF89515C}.Debug|Any CPU.Deploy.0 = Debug|iPhone
		{7496ACDB-96A8-4CEF-811D-3860BF89515C}.Debug|ARM.ActiveCfg = Debug|iPhoneSimulator
		{7496ACDB-96A8-4CEF-811D-3860BF89515C}.Debug|ARM.Build.0 = Debug|iPhoneSimulator
		{7496ACDB-96A8-4CEF-811D-3860BF89515C}.Debug|ARM.Deploy.0 = Debug|iPhoneSimulator
		{7496ACDB-96A8-4CEF-811D-3860BF89515C}.Debug|iPhone.ActiveCfg = Debug|iPhone
		{7496ACDB-96A8-4CEF-811D-3860BF89515C}.Debug|iPhone.Build.0 = Debug|iPhone
		{7496ACDB-96A8-4CEF-811D-3860BF89515C}.Debug|iPhone.Deploy.0 = Debug|iPhone
		{7496ACDB-96A8-4CEF-811D-3860BF89515C}.Debug|iPhoneSimulator.ActiveCfg = Debug|iPhoneSimulator
		{7496ACDB-96A8-4CEF-811D-3860BF89515C}.Debug|iPhoneSimulator.Build.0 = Debug|iPhoneSimulator
		{7496ACDB-96A8-4CEF-811D-3860BF89515C}.Debug|iPhoneSimulator.Deploy.0 = Debug|iPhoneSimulator
		{7496ACDB-96A8-4CEF-811D-3860BF89515C}.Debug|x64.ActiveCfg = Debug|iPhone
		{7496ACDB-96A8-4CEF-811D-3860BF89515C}.Debug|x64.Build.0 = Debug|iPhone
		{7496ACDB-96A8-4CEF-811D-3860BF89515C}.Debug|x64.Deploy.0 = Debug|iPhone
		{7496ACDB-96A8-4CEF-811D-3860BF89515C}.Debug|x86.ActiveCfg = Debug|iPhone
		{7496ACDB-96A8-4CEF-811D-3860BF89515C}.Debug|x86.Build.0 = Debug|iPhone
		{7496ACDB-96A8-4CEF-811D-3860BF89515C}.Debug|x86.Deploy.0 = Debug|iPhone
		{7496ACDB-96A8-4CEF-811D-3860BF89515C}.Release|Any CPU.ActiveCfg = Release|iPhone
		{7496ACDB-96A8-4CEF-811D-3860BF89515C}.Release|Any CPU.Build.0 = Release|iPhone
		{7496ACDB-96A8-4CEF-811D-3860BF89515C}.Release|Any CPU.Deploy.0 = Release|iPhone
		{7496ACDB-96A8-4CEF-811D-3860BF89515C}.Release|ARM.ActiveCfg = Release|iPhone
		{7496ACDB-96A8-4CEF-811D-3860BF89515C}.Release|ARM.Build.0 = Release|iPhone
		{7496ACDB-96A8-4CEF-811D-3860BF89515C}.Release|ARM.Deploy.0 = Release|iPhone
		{7496ACDB-96A8-4CEF-811D-3860BF89515C}.Release|iPhone.ActiveCfg = Release|iPhone
		{7496ACDB-96A8-4CEF-811D-3860BF89515C}.Release|iPhone.Build.0 = Release|iPhone
		{7496ACDB-96A8-4CEF-811D-3860BF89515C}.Release|iPhone.Deploy.0 = Release|iPhone
		{7496ACDB-96A8-4CEF-811D-3860BF89515C}.Release|iPhoneSimulator.ActiveCfg = Release|iPhoneSimulator
		{7496ACDB-96A8-4CEF-811D-3860BF89515C}.Release|iPhoneSimulator.Build.0 = Release|iPhoneSimulator
		{7496ACDB-96A8-4CEF-811D-3860BF89515C}.Release|iPhoneSimulator.Deploy.0 = Release|iPhoneSimulator
		{7496ACDB-96A8-4CEF-811D-3860BF89515C}.Release|x64.ActiveCfg = Release|iPhone
		{7496ACDB-96A8-4CEF-811D-3860BF89515C}.Release|x64.Build.0 = Release|iPhone
		{7496ACDB-96A8-4CEF-811D-3860BF89515C}.Release|x64.Deploy.0 = Release|iPhone
		{7496ACDB-96A8-4CEF-811D-3860BF89515C}.Release|x86.ActiveCfg = Release|iPhone
		{7496ACDB-96A8-4CEF-811D-3860BF89515C}.Release|x86.Build.0 = Release|iPhone
		{7496ACDB-96A8-4CEF-811D-3860BF89515C}.Release|x86.Deploy.0 = Release|iPhone
		{364D4882-ACE8-4FAC-82C2-196106B13EAF}.Debug|Any CPU.ActiveCfg = Debug|Any CPU
		{364D4882-ACE8-4FAC-82C2-196106B13EAF}.Debug|Any CPU.Build.0 = Debug|Any CPU
		{364D4882-ACE8-4FAC-82C2-196106B13EAF}.Debug|Any CPU.Deploy.0 = Debug|Any CPU
		{364D4882-ACE8-4FAC-82C2-196106B13EAF}.Debug|ARM.ActiveCfg = Debug|Any CPU
		{364D4882-ACE8-4FAC-82C2-196106B13EAF}.Debug|ARM.Build.0 = Debug|Any CPU
		{364D4882-ACE8-4FAC-82C2-196106B13EAF}.Debug|ARM.Deploy.0 = Debug|Any CPU
		{364D4882-ACE8-4FAC-82C2-196106B13EAF}.Debug|iPhone.ActiveCfg = Debug|Any CPU
		{364D4882-ACE8-4FAC-82C2-196106B13EAF}.Debug|iPhone.Build.0 = Debug|Any CPU
		{364D4882-ACE8-4FAC-82C2-196106B13EAF}.Debug|iPhone.Deploy.0 = Debug|Any CPU
		{364D4882-ACE8-4FAC-82C2-196106B13EAF}.Debug|iPhoneSimulator.ActiveCfg = Debug|Any CPU
		{364D4882-ACE8-4FAC-82C2-196106B13EAF}.Debug|iPhoneSimulator.Build.0 = Debug|Any CPU
		{364D4882-ACE8-4FAC-82C2-196106B13EAF}.Debug|iPhoneSimulator.Deploy.0 = Debug|Any CPU
		{364D4882-ACE8-4FAC-82C2-196106B13EAF}.Debug|x64.ActiveCfg = Debug|Any CPU
		{364D4882-ACE8-4FAC-82C2-196106B13EAF}.Debug|x64.Build.0 = Debug|Any CPU
		{364D4882-ACE8-4FAC-82C2-196106B13EAF}.Debug|x64.Deploy.0 = Debug|Any CPU
		{364D4882-ACE8-4FAC-82C2-196106B13EAF}.Debug|x86.ActiveCfg = Debug|Any CPU
		{364D4882-ACE8-4FAC-82C2-196106B13EAF}.Debug|x86.Build.0 = Debug|Any CPU
		{364D4882-ACE8-4FAC-82C2-196106B13EAF}.Debug|x86.Deploy.0 = Debug|Any CPU
		{364D4882-ACE8-4FAC-82C2-196106B13EAF}.Release|Any CPU.ActiveCfg = Release|Any CPU
		{364D4882-ACE8-4FAC-82C2-196106B13EAF}.Release|Any CPU.Build.0 = Release|Any CPU
		{364D4882-ACE8-4FAC-82C2-196106B13EAF}.Release|Any CPU.Deploy.0 = Release|Any CPU
		{364D4882-ACE8-4FAC-82C2-196106B13EAF}.Release|ARM.ActiveCfg = Release|Any CPU
		{364D4882-ACE8-4FAC-82C2-196106B13EAF}.Release|ARM.Build.0 = Release|Any CPU
		{364D4882-ACE8-4FAC-82C2-196106B13EAF}.Release|ARM.Deploy.0 = Release|Any CPU
		{364D4882-ACE8-4FAC-82C2-196106B13EAF}.Release|iPhone.ActiveCfg = Release|Any CPU
		{364D4882-ACE8-4FAC-82C2-196106B13EAF}.Release|iPhone.Build.0 = Release|Any CPU
		{364D4882-ACE8-4FAC-82C2-196106B13EAF}.Release|iPhone.Deploy.0 = Release|Any CPU
		{364D4882-ACE8-4FAC-82C2-196106B13EAF}.Release|iPhoneSimulator.ActiveCfg = Release|Any CPU
		{364D4882-ACE8-4FAC-82C2-196106B13EAF}.Release|iPhoneSimulator.Build.0 = Release|Any CPU
		{364D4882-ACE8-4FAC-82C2-196106B13EAF}.Release|iPhoneSimulator.Deploy.0 = Release|Any CPU
		{364D4882-ACE8-4FAC-82C2-196106B13EAF}.Release|x64.ActiveCfg = Release|Any CPU
		{364D4882-ACE8-4FAC-82C2-196106B13EAF}.Release|x64.Build.0 = Release|Any CPU
		{364D4882-ACE8-4FAC-82C2-196106B13EAF}.Release|x64.Deploy.0 = Release|Any CPU
		{364D4882-ACE8-4FAC-82C2-196106B13EAF}.Release|x86.ActiveCfg = Release|Any CPU
		{364D4882-ACE8-4FAC-82C2-196106B13EAF}.Release|x86.Build.0 = Release|Any CPU
		{364D4882-ACE8-4FAC-82C2-196106B13EAF}.Release|x86.Deploy.0 = Release|Any CPU
		{34956BAB-D3B8-46E3-8C3A-8FE520FFDC61}.Debug|Any CPU.ActiveCfg = Debug|Any CPU
		{34956BAB-D3B8-46E3-8C3A-8FE520FFDC61}.Debug|Any CPU.Build.0 = Debug|Any CPU
		{34956BAB-D3B8-46E3-8C3A-8FE520FFDC61}.Debug|Any CPU.Deploy.0 = Debug|Any CPU
		{34956BAB-D3B8-46E3-8C3A-8FE520FFDC61}.Debug|ARM.ActiveCfg = Debug|Any CPU
		{34956BAB-D3B8-46E3-8C3A-8FE520FFDC61}.Debug|ARM.Build.0 = Debug|Any CPU
		{34956BAB-D3B8-46E3-8C3A-8FE520FFDC61}.Debug|ARM.Deploy.0 = Debug|Any CPU
		{34956BAB-D3B8-46E3-8C3A-8FE520FFDC61}.Debug|iPhone.ActiveCfg = Debug|Any CPU
		{34956BAB-D3B8-46E3-8C3A-8FE520FFDC61}.Debug|iPhone.Build.0 = Debug|Any CPU
		{34956BAB-D3B8-46E3-8C3A-8FE520FFDC61}.Debug|iPhone.Deploy.0 = Debug|Any CPU
		{34956BAB-D3B8-46E3-8C3A-8FE520FFDC61}.Debug|iPhoneSimulator.ActiveCfg = Debug|Any CPU
		{34956BAB-D3B8-46E3-8C3A-8FE520FFDC61}.Debug|iPhoneSimulator.Build.0 = Debug|Any CPU
		{34956BAB-D3B8-46E3-8C3A-8FE520FFDC61}.Debug|iPhoneSimulator.Deploy.0 = Debug|Any CPU
		{34956BAB-D3B8-46E3-8C3A-8FE520FFDC61}.Debug|x64.ActiveCfg = Debug|Any CPU
		{34956BAB-D3B8-46E3-8C3A-8FE520FFDC61}.Debug|x64.Build.0 = Debug|Any CPU
		{34956BAB-D3B8-46E3-8C3A-8FE520FFDC61}.Debug|x64.Deploy.0 = Debug|Any CPU
		{34956BAB-D3B8-46E3-8C3A-8FE520FFDC61}.Debug|x86.ActiveCfg = Debug|Any CPU
		{34956BAB-D3B8-46E3-8C3A-8FE520FFDC61}.Debug|x86.Build.0 = Debug|Any CPU
		{34956BAB-D3B8-46E3-8C3A-8FE520FFDC61}.Debug|x86.Deploy.0 = Debug|Any CPU
		{34956BAB-D3B8-46E3-8C3A-8FE520FFDC61}.Release|Any CPU.ActiveCfg = Release|Any CPU
		{34956BAB-D3B8-46E3-8C3A-8FE520FFDC61}.Release|Any CPU.Build.0 = Release|Any CPU
		{34956BAB-D3B8-46E3-8C3A-8FE520FFDC61}.Release|Any CPU.Deploy.0 = Release|Any CPU
		{34956BAB-D3B8-46E3-8C3A-8FE520FFDC61}.Release|ARM.ActiveCfg = Release|Any CPU
		{34956BAB-D3B8-46E3-8C3A-8FE520FFDC61}.Release|ARM.Build.0 = Release|Any CPU
		{34956BAB-D3B8-46E3-8C3A-8FE520FFDC61}.Release|ARM.Deploy.0 = Release|Any CPU
		{34956BAB-D3B8-46E3-8C3A-8FE520FFDC61}.Release|iPhone.ActiveCfg = Release|Any CPU
		{34956BAB-D3B8-46E3-8C3A-8FE520FFDC61}.Release|iPhone.Build.0 = Release|Any CPU
		{34956BAB-D3B8-46E3-8C3A-8FE520FFDC61}.Release|iPhone.Deploy.0 = Release|Any CPU
		{34956BAB-D3B8-46E3-8C3A-8FE520FFDC61}.Release|iPhoneSimulator.ActiveCfg = Release|Any CPU
		{34956BAB-D3B8-46E3-8C3A-8FE520FFDC61}.Release|iPhoneSimulator.Build.0 = Release|Any CPU
		{34956BAB-D3B8-46E3-8C3A-8FE520FFDC61}.Release|iPhoneSimulator.Deploy.0 = Release|Any CPU
		{34956BAB-D3B8-46E3-8C3A-8FE520FFDC61}.Release|x64.ActiveCfg = Release|Any CPU
		{34956BAB-D3B8-46E3-8C3A-8FE520FFDC61}.Release|x64.Build.0 = Release|Any CPU
		{34956BAB-D3B8-46E3-8C3A-8FE520FFDC61}.Release|x64.Deploy.0 = Release|Any CPU
		{34956BAB-D3B8-46E3-8C3A-8FE520FFDC61}.Release|x86.ActiveCfg = Release|Any CPU
		{34956BAB-D3B8-46E3-8C3A-8FE520FFDC61}.Release|x86.Build.0 = Release|Any CPU
		{34956BAB-D3B8-46E3-8C3A-8FE520FFDC61}.Release|x86.Deploy.0 = Release|Any CPU
	EndGlobalSection
	GlobalSection(SolutionProperties) = preSolution
		HideSolutionNode = FALSE
	EndGlobalSection
	GlobalSection(ExtensibilityGlobals) = postSolution
		SolutionGuid = {180DAFC0-D873-4C1B-82BF-89AECFCE210F}
	EndGlobalSection
EndGlobal
